{
  "nodes": {
    "bats": {
      "inputs": {
        "conformist": [
          "conformist"
        ],
        "igloo": [
          "igloo"
        ],
        "nixpkgs-master": "nixpkgs-master",
        "utils": "utils"
      },
      "locked": {
        "lastModified": 1789212984,
        "narHash": "sha256-9V/uwXdozNQulPQD5JsF253OGq+lliPL4tWqo4ndS6w=",
        "rev": "693a33510fc2213656c077caf5b3f6c3655d1ca2",
        "type": "tarball",
        "url": "https://code.linenisgreat.com/bats/archive/693a33510fc2213656c077caf5b3f6c3655d1ca2.tar.gz"
      },
      "original": {
        "type": "tarball",
        "url": "https://code.linenisgreat.com/bats/archive/master.tar.gz"
      }
    },
    "bats_2": {
      "inputs": {
        "conformist": [
          "clown",
          "conformist"
        ],
        "igloo": [
          "clown",
          "igloo"
        ],
        "nixpkgs-master": [
          "clown",
          "nixpkgs-master"
        ],
        "utils": [
          "clown",
          "utils"
        ]
      },
      "locked": {
        "lastModified": 1788916149,
        "narHash": "sha256-eAL/nOm+zlXrNGZncge3ugwWaHTMHVQMNTNtHTXjzqw=",
        "rev": "d69889488ceb876731a13eea52b161355fd744bf",
        "type": "tarball",
        "url": "https://code.linenisgreat.com/bats/archive/d69889488ceb876731a13eea52b161355fd744bf.tar.gz"
      },
      "original": {
        "type": "tarball",
        "url": "https://code.linenisgreat.com/bats/archive/master.tar.gz"
      }
    },
    "bun2nix": {
      "inputs": {
        "flake-parts": [
          "clown",
          "igloo",
          "flake-parts"
        ],
        "nixpkgs": [
          "clown",
          "igloo",
          "nixpkgs-master"
        ],
        "systems": [
          "clown",
          "igloo",
          "systems"
        ],
        "treefmt-nix": [
          "clown",
          "igloo",
          "treefmt-nix"
        ]
      },
      "locked": {
        "lastModified": 1784665499,
        "narHash": "sha256-9BMxlTxCCDAeoNLtb1a/st7udtTIJep+wpUzquA29VU=",
        "owner": "nix-community",
        "repo": "bun2nix",
        "rev": "0f2a1f0b6f42cebe3b149bf62d38754c5e0e9729",
        "type": "github"
      },
      "original": {
        "owner": "nix-community",
        "repo": "bun2nix",
        "type": "github"
      }
    },
    "bun2nix_2": {
      "inputs": {
        "flake-parts": [
          "igloo",
          "flake-parts"
        ],
        "nixpkgs": [
          "igloo",
          "nixpkgs-master"
        ],
        "systems": [
          "igloo",
          "systems"
        ],
        "treefmt-nix": [
          "igloo",
          "treefmt-nix"
        ]
      },
      "locked": {
        "lastModified": 1784665499,
        "narHash": "sha256-9BMxlTxCCDAeoNLtb1a/st7udtTIJep+wpUzquA29VU=",
        "owner": "nix-community",
        "repo": "bun2nix",
        "rev": "0f2a1f0b6f42cebe3b149bf62d38754c5e0e9729",
        "type": "github"
      },
      "original": {
        "owner": "nix-community",
        "repo": "bun2nix",
        "type": "github"
      }
    },
    "clown": {
      "inputs": {
        "bats": "bats_2",
        "conformist": "conformist",
        "igloo": "igloo",
        "llm-agents": "llm-agents",
        "nixpkgs-claude-code": "nixpkgs-claude-code",
        "nixpkgs-codex": "nixpkgs-codex",
        "nixpkgs-llama": "nixpkgs-llama",
        "nixpkgs-master": "nixpkgs-master_2",
        "purse-first": "purse-first",
        "ringmaster": "ringmaster",
        "troupe": "troupe",
        "utils": "utils_2"
      },
      "locked": {
        "lastModified": 1788969268,
        "narHash": "sha256-oMts5rzEfykMwYd0QlX2pIw46Nq9uWfY4f820Js5MnM=",
        "rev": "9912275d75025bb557f7028742a98176b534cc6f",
        "type": "tarball",
        "url": "https://code.linenisgreat.com/clown/archive/9912275d75025bb557f7028742a98176b534cc6f.tar.gz"
      },
      "original": {
        "type": "tarball",
        "url": "https://code.linenisgreat.com/clown/archive/master.tar.gz"
      }
    },
    "conformist": {
      "inputs": {
        "igloo": [
          "clown",
          "igloo"
        ],
        "nixpkgs-master": [
          "clown",
          "nixpkgs-master"
        ],
        "utils": [
          "clown",
          "utils"
        ]
      },
      "locked": {
        "lastModified": 1788748258,
        "narHash": "sha256-BdA4C8aTcTjWzC5F8bgrHEmnqOfy0cjRqNi2jINXBYo=",
        "rev": "7ed393cf6c3d4673ed7c4a982b653552a6a52db6",
        "type": "tarball",
        "url": "https://code.linenisgreat.com/conformist/archive/7ed393cf6c3d4673ed7c4a982b653552a6a52db6.tar.gz"
      },
      "original": {
        "type": "tarball",
        "url": "https://code.linenisgreat.com/conformist/archive/master.tar.gz"
      }
    },
    "conformist_2": {
      "inputs": {
        "igloo": [
          "igloo"
        ],
        "nixpkgs-master": "nixpkgs-master_3",
        "utils": "utils_3"
      },
      "locked": {
        "lastModified": 1789484861,
        "narHash": "sha256-hI6SviU4e5F2j8IomoKemLht0vUNwREFuXBuPgUvM/0=",
        "rev": "d2657245df6e2837be638a9195f85c0673d2169a",
        "type": "tarball",
        "url": "https://code.linenisgreat.com/conformist/archive/d2657245df6e2837be638a9195f85c0673d2169a.tar.gz"
      },
      "original": {
        "type": "tarball",
        "url": "https://code.linenisgreat.com/conformist/archive/master.tar.gz"
      }
    },
    "flake-parts": {
      "inputs": {
        "nixpkgs-lib": [
          "clown",
          "igloo",
          "nixpkgs-master"
        ]
      },
      "locked": {
        "lastModified": 1788450739,
        "narHash": "sha256-glZLQlzIn1fXH6PazR2iUmTo7kzzyYSshrWhLS9TqCU=",
        "owner": "hercules-ci",
        "repo": "flake-parts",
        "rev": "31729ca8cbdb4fa927b34e5f4353e6a83f39e993",
        "type": "github"
      },
      "original": {
        "owner": "hercules-ci",
        "repo": "flake-parts",
        "type": "github"
      }
    },
    "flake-parts_2": {
      "inputs": {
        "nixpkgs-lib": [
          "igloo",
          "nixpkgs-master"
        ]
      },
      "locked": {
        "lastModified": 1788450739,
        "narHash": "sha256-glZLQlzIn1fXH6PazR2iUmTo7kzzyYSshrWhLS9TqCU=",
        "owner": "hercules-ci",
        "repo": "flake-parts",
        "rev": "31729ca8cbdb4fa927b34e5f4353e6a83f39e993",
        "type": "github"
      },
      "original": {
        "owner": "hercules-ci",
        "repo": "flake-parts",
        "type": "github"
      }
    },
    "flake-utils": {
      "inputs": {
        "systems": "systems_2"
      },
      "locked": {
        "lastModified": 1731533236,
        "narHash": "sha256-l0KFg5HjrsfsO/JpG+r7fRrqm12kzFHyUHqHCVpMMbI=",
        "owner": "numtide",
        "repo": "flake-utils",
        "rev": "11707dc2f618dd54ca8739b309ec4fc024de578b",
        "type": "github"
      },
      "original": {
        "owner": "numtide",
        "repo": "flake-utils",
        "type": "github"
      }
    },
    "gomod2nix": {
      "inputs": {
        "flake-utils": [
          "clown",
          "purse-first",
          "utils"
        ],
        "nixpkgs-master": [
          "clown",
          "purse-first",
          "nixpkgs-master"
        ]
      },
      "locked": {
        "lastModified": 1785249242,
        "narHash": "sha256-PYnzeRibCvHs1TLPPZxEds1KW0qYUZ4ycfeCc6bCwrk=",
        "rev": "38d90d9cdcaca83282c78f8ce1f89414b3e0d854",
        "type": "tarball",
        "url": "https://code.linenisgreat.com/gomod2nix/archive/38d90d9cdcaca83282c78f8ce1f89414b3e0d854.tar.gz"
      },
      "original": {
        "type": "tarball",
        "url": "https://code.linenisgreat.com/gomod2nix/archive/master.tar.gz"
      }
    },
    "igloo": {
      "inputs": {
        "bun2nix": "bun2nix",
        "flake-parts": "flake-parts",
        "nixpkgs-master": [
          "clown",
          "nixpkgs-master"
        ],
        "systems": "systems",
        "treefmt-nix": "treefmt-nix"
      },
      "locked": {
        "lastModified": 1788745159,
        "narHash": "sha256-zxCue/vpiowGKW2h1YdMlxejEH7Zc+PFcISYXo9NDDw=",
        "rev": "b13d154cb7125df8c584c1f5d7796a149152f025",
        "type": "tarball",
        "url": "https://code.linenisgreat.com/igloo/archive/b13d154cb7125df8c584c1f5d7796a149152f025.tar.gz"
      },
      "original": {
        "type": "tarball",
        "url": "https://code.linenisgreat.com/igloo/archive/master.tar.gz"
      }
    },
    "igloo_2": {
      "inputs": {
        "bun2nix": "bun2nix_2",
        "flake-parts": "flake-parts_2",
        "nixpkgs-master": "nixpkgs-master_4",
        "systems": "systems_3",
        "treefmt-nix": "treefmt-nix_2"
      },
      "locked": {
        "lastModified": 1789485496,
        "narHash": "sha256-CE9/QN1VGPr2LeJQICodC9M73/UyL3B9UoO4vYmWa3M=",
        "rev": "cfd1c4b3de05e6340c5f10d438ae33a9ca0f8120",
        "type": "tarball",
        "url": "https://code.linenisgreat.com/igloo/archive/cfd1c4b3de05e6340c5f10d438ae33a9ca0f8120.tar.gz"
      },
      "original": {
        "type": "tarball",
        "url": "https://code.linenisgreat.com/igloo/archive/master.tar.gz"
      }
    },
    "llm-agents": {
      "inputs": {
        "bun2nix": [
          "clown",
          "igloo",
          "bun2nix"
        ],
        "flake-parts": [
          "clown",
          "igloo",
          "flake-parts"
        ],
        "nixpkgs": "nixpkgs",
        "systems": [
          "clown",
          "igloo",
          "systems"
        ],
        "treefmt-nix": [
          "clown",
          "igloo",
          "treefmt-nix"
        ]
      },
      "locked": {
        "lastModified": 1788948595,
        "narHash": "sha256-rqeK3hPxa6960ivXTRb+wO74tKKecqeH2CiKIxxFJuU=",
        "owner": "numtide",
        "repo": "llm-agents.nix",
        "rev": "26c3794de36bba9afdb0cb269fa4ab390e09f9ca",
        "type": "github"
      },
      "original": {
        "owner": "numtide",
        "repo": "llm-agents.nix",
        "type": "github"
      }
    },
    "nixpkgs": {
      "locked": {
        "lastModified": 1788894124,
        "narHash": "sha256-guyexwrrF5GBKqjO0eg9LNIvrXn4j2frNak63sDr8zg=",
        "owner": "NixOS",
        "repo": "nixpkgs",
        "rev": "da39501c8d0a093136854eddcd6927c8a8bb0d8f",
        "type": "github"
      },
      "original": {
        "owner": "NixOS",
        "ref": "nixpkgs-unstable",
        "repo": "nixpkgs",
        "type": "github"
      }
    },
    "nixpkgs-claude-code": {
      "locked": {
        "lastModified": 1776358155,
        "narHash": "sha256-ruPV/Nk84idlHqrJH4JTWlqspw627PgcwLaYH6MiumQ=",
        "owner": "NixOS",
        "repo": "nixpkgs",
        "rev": "b2b9662ffe1e9a5702e7bfbd983595dd56147dbf",
        "type": "github"
      },
      "original": {
        "owner": "NixOS",
        "repo": "nixpkgs",
        "rev": "b2b9662ffe1e9a5702e7bfbd983595dd56147dbf",
        "type": "github"
      }
    },
    "nixpkgs-codex": {
      "locked": {
        "lastModified": 1777061873,
        "narHash": "sha256-+NL0GnHsDCuMP1AcCeOe97D8O95IhNKrmy3+vk60rFE=",
        "owner": "NixOS",
        "repo": "nixpkgs",
        "rev": "0de8465d2b54ddd962422706d932c3354b4237ec",
        "type": "github"
      },
      "original": {
        "owner": "NixOS",
        "repo": "nixpkgs",
        "rev": "0de8465d2b54ddd962422706d932c3354b4237ec",
        "type": "github"
      }
    },
    "nixpkgs-llama": {
      "locked": {
        "lastModified": 1777542320,
        "narHash": "sha256-YxWL74qPnCqk2byk7QAAmlnAm8+rtOzGZHmRXl1Lpys=",
        "owner": "NixOS",
        "repo": "nixpkgs",
        "rev": "c0df0d088ab33122b402ea31cb5f7e1df7536036",
        "type": "github"
      },
      "original": {
        "owner": "NixOS",
        "repo": "nixpkgs",
        "rev": "c0df0d088ab33122b402ea31cb5f7e1df7536036",
        "type": "github"
      }
    },
    "nixpkgs-master": {
      "locked": {
        "lastModified": 1786106723,
        "narHash": "sha256-zDSUbpoeo/9ZmD2+wXnzxoo1+uhL8vxc0b8yuYMKYq0=",
        "owner": "NixOS",
        "repo": "nixpkgs",
        "rev": "f13ff45afd1bb73e640eaa08a7066dbed07e3238",
        "type": "github"
      },
      "original": {
        "owner": "NixOS",
        "repo": "nixpkgs",
        "rev": "f13ff45afd1bb73e640eaa08a7066dbed07e3238",
        "type": "github"
      }
    },
    "nixpkgs-master_2": {
      "locked": {
        "lastModified": 1786106723,
        "narHash": "sha256-zDSUbpoeo/9ZmD2+wXnzxoo1+uhL8vxc0b8yuYMKYq0=",
        "owner": "NixOS",
        "repo": "nixpkgs",
        "rev": "f13ff45afd1bb73e640eaa08a7066dbed07e3238",
        "type": "github"
      },
      "original": {
        "owner": "NixOS",
        "repo": "nixpkgs",
        "rev": "f13ff45afd1bb73e640eaa08a7066dbed07e3238",
        "type": "github"
      }
    },
    "nixpkgs-master_3": {
      "locked": {
        "lastModified": 1786106723,
        "narHash": "sha256-zDSUbpoeo/9ZmD2+wXnzxoo1+uhL8vxc0b8yuYMKYq0=",
        "owner": "NixOS",
        "repo": "nixpkgs",
        "rev": "f13ff45afd1bb73e640eaa08a7066dbed07e3238",
        "type": "github"
      },
      "original": {
        "owner": "NixOS",
        "repo": "nixpkgs",
        "rev": "f13ff45afd1bb73e640eaa08a7066dbed07e3238",
        "type": "github"
      }
    },
    "nixpkgs-master_4": {
      "locked": {
        "lastModified": 1786106723,
        "narHash": "sha256-zDSUbpoeo/9ZmD2+wXnzxoo1+uhL8vxc0b8yuYMKYq0=",
        "owner": "NixOS",
        "repo": "nixpkgs",
        "rev": "f13ff45afd1bb73e640eaa08a7066dbed07e3238",
        "type": "github"
      },
      "original": {
        "owner": "NixOS",
        "repo": "nixpkgs",
        "rev": "f13ff45afd1bb73e640eaa08a7066dbed07e3238",
        "type": "github"
      }
    },
    "nixpkgs_2": {
      "locked": {
        "lastModified": 1788881743,
        "narHash": "sha256-2V9GZGvPfrNzxFozhI9dcqV+c3QdA8YZrvAAzqEB+dI=",
        "owner": "NixOS",
        "repo": "nixpkgs",
        "rev": "d6524aaca2ff07876657ae2b323f24be4874944b",
        "type": "github"
      },
      "original": {
        "owner": "NixOS",
        "ref": "nixos-unstable",
        "repo": "nixpkgs",
        "type": "github"
      }
    },
    "purse-first": {
      "inputs": {
        "conformist": [
          "clown",
          "conformist"
        ],
        "gomod2nix": "gomod2nix",
        "igloo": [
          "clown",
          "igloo"
        ],
        "nixpkgs-master": [
          "clown",
          "nixpkgs-master"
        ],
        "utils": [
          "clown",
          "utils"
        ]
      },
      "locked": {
        "lastModified": 1788897824,
        "narHash": "sha256-ung8J/dzm91ey00DQxtjkxI6LiKA3YAQlGw7DKFX0og=",
        "rev": "7b0fc8b0b86ce818ecb9a3ed623e59d867713087",
        "type": "tarball",
        "url": "https://code.linenisgreat.com/purse-first/archive/7b0fc8b0b86ce818ecb9a3ed623e59d867713087.tar.gz"
      },
      "original": {
        "type": "tarball",
        "url": "https://code.linenisgreat.com/purse-first/archive/master.tar.gz"
      }
    },
    "ringmaster": {
      "inputs": {
        "bats": [
          "clown",
          "bats"
        ],
        "conformist": [
          "clown",
          "conformist"
        ],
        "igloo": [
          "clown",
          "igloo"
        ],
        "nixpkgs-master": [
          "clown",
          "nixpkgs-master"
        ],
        "purse-first": [
          "clown",
          "purse-first"
        ],
        "utils": [
          "clown",
          "utils"
        ]
      },
      "locked": {
        "lastModified": 1788953092,
        "narHash": "sha256-lew7lE/E2U3i4xl+IkvD0DazvpQYUus28b56nFnm3oc=",
        "rev": "b1c0ef1c52a5fe922970c0766ca14e45b1d65b42",
        "type": "tarball",
        "url": "https://code.linenisgreat.com/ringmaster/archive/b1c0ef1c52a5fe922970c0766ca14e45b1d65b42.tar.gz"
      },
      "original": {
        "type": "tarball",
        "url": "https://code.linenisgreat.com/ringmaster/archive/master.tar.gz"
      }
    },
    "root": {
      "inputs": {
        "bats": "bats",
        "clown": "clown",
        "conformist": "conformist_2",
        "flake-utils": "flake-utils",
        "igloo": "igloo_2",
        "nixpkgs": "nixpkgs_2"
      }
    },
    "systems": {
      "locked": {
        "lastModified": 1681028828,
        "narHash": "sha256-Vy1rq5AaRuLzOxct8nz4T6wlgyUR7zLU309k9mBC768=",
        "owner": "nix-systems",
        "repo": "default",
        "rev": "da67096a3b9bf56a91d16901293e51ba5b49a27e",
        "type": "github"
      },
      "original": {
        "owner": "nix-systems",
        "repo": "default",
        "type": "github"
      }
    },
    "systems_2": {
      "locked": {
        "lastModified": 1681028828,
        "narHash": "sha256-Vy1rq5AaRuLzOxct8nz4T6wlgyUR7zLU309k9mBC768=",
        "owner": "nix-systems",
        "repo": "default",
        "rev": "da67096a3b9bf56a91d16901293e51ba5b49a27e",
        "type": "github"
      },
      "original": {
        "owner": "nix-systems",
        "repo": "default",
        "type": "github"
      }
    },
    "systems_3": {
      "locked": {
        "lastModified": 1681028828,
        "narHash": "sha256-Vy1rq5AaRuLzOxct8nz4T6wlgyUR7zLU309k9mBC768=",
        "owner": "nix-systems",
        "repo": "default",
        "rev": "da67096a3b9bf56a91d16901293e51ba5b49a27e",
        "type": "github"
      },
      "original": {
        "owner": "nix-systems",
        "repo": "default",
        "type": "github"
      }
    },
    "treefmt-nix": {
      "inputs": {
        "nixpkgs": [
          "clown",
          "igloo",
          "nixpkgs-master"
        ]
      },
      "locked": {
        "lastModified": 1786901030,
        "narHash": "sha256-WSFCsDSE5ffgD2MqzkM2CYjeFiKhRF/dJUN8uedb6YE=",
        "owner": "numtide",
        "repo": "treefmt-nix",
        "rev": "27b3b12a8e6375f28ebe122f07d230ca5459bbfa",
        "type": "github"
      },
      "original": {
        "owner": "numtide",
        "repo": "treefmt-nix",
        "type": "github"
      }
    },
    "treefmt-nix_2": {
      "inputs": {
        "nixpkgs": [
          "igloo",
          "nixpkgs-master"
        ]
      },
      "locked": {
        "lastModified": 1786901030,
        "narHash": "sha256-WSFCsDSE5ffgD2MqzkM2CYjeFiKhRF/dJUN8uedb6YE=",
        "owner": "numtide",
        "repo": "treefmt-nix",
        "rev": "27b3b12a8e6375f28ebe122f07d230ca5459bbfa",
        "type": "github"
      },
      "original": {
        "owner": "numtide",
        "repo": "treefmt-nix",
        "type": "github"
      }
    },
    "troupe": {
      "inputs": {
        "bats": [
          "clown",
          "troupe",
          "ringmaster",
          "bats"
        ],
        "nixpkgs": [
          "clown",
          "igloo"
        ],
        "nixpkgs-master": [
          "clown",
          "nixpkgs-master"
        ],
        "ringmaster": [
          "clown",
          "ringmaster"
        ],
        "treefmt-nix": [
          "clown",
          "igloo",
          "treefmt-nix"
        ],
        "utils": [
          "clown",
          "utils"
        ]
      },
      "locked": {
        "lastModified": 1788953533,
        "narHash": "sha256-3EI08NcknJdHy6SX8Ww5FZgguMdn24RYOc5QkLGPE0M=",
        "rev": "1f0fac7925063d319c2fbfe571ef46e964f78c8a",
        "type": "tarball",
        "url": "https://code.linenisgreat.com/troupe/archive/1f0fac7925063d319c2fbfe571ef46e964f78c8a.tar.gz"
      },
      "original": {
        "type": "tarball",
        "url": "https://code.linenisgreat.com/troupe/archive/master.tar.gz"
      }
    },
    "utils": {
      "inputs": {
        "systems": [
          "bats",
          "igloo",
          "systems"
        ]
      },
      "locked": {
        "lastModified": 1731533236,
        "narHash": "sha256-l0KFg5HjrsfsO/JpG+r7fRrqm12kzFHyUHqHCVpMMbI=",
        "rev": "11707dc2f618dd54ca8739b309ec4fc024de578b",
        "revCount": 102,
        "type": "tarball",
        "url": "https://api.flakehub.com/f/pinned/numtide/flake-utils/0.1.102%2Brev-11707dc2f618dd54ca8739b309ec4fc024de578b/0193276d-5b8f-7dbc-acf1-41cb7b54ad2e/source.tar.gz"
      },
      "original": {
        "type": "tarball",
        "url": "https://flakehub.com/f/numtide/flake-utils/0.1.102"
      }
    },
    "utils_2": {
      "inputs": {
        "systems": [
          "clown",
          "igloo",
          "systems"
        ]
      },
      "locked": {
        "lastModified": 1731533236,
        "narHash": "sha256-l0KFg5HjrsfsO/JpG+r7fRrqm12kzFHyUHqHCVpMMbI=",
        "rev": "11707dc2f618dd54ca8739b309ec4fc024de578b",
        "revCount": 102,
        "type": "tarball",
        "url": "https://api.flakehub.com/f/pinned/numtide/flake-utils/0.1.102%2Brev-11707dc2f618dd54ca8739b309ec4fc024de578b/0193276d-5b8f-7dbc-acf1-41cb7b54ad2e/source.tar.gz"
      },
      "original": {
        "type": "tarball",
        "url": "https://flakehub.com/f/numtide/flake-utils/0.1.102"
      }
    },
    "utils_3": {
      "inputs": {
        "systems": [
          "conformist",
          "igloo",
          "systems"
        ]
      },
      "locked": {
        "lastModified": 1731533236,
        "narHash": "sha256-l0KFg5HjrsfsO/JpG+r7fRrqm12kzFHyUHqHCVpMMbI=",
        "rev": "11707dc2f618dd54ca8739b309ec4fc024de578b",
        "revCount": 102,
        "type": "tarball",
        "url": "https://api.flakehub.com/f/pinned/numtide/flake-utils/0.1.102%2Brev-11707dc2f618dd54ca8739b309ec4fc024de578b/0193276d-5b8f-7dbc-acf1-41cb7b54ad2e/source.tar.gz"
      },
      "original": {
        "type": "tarball",
        "url": "https://flakehub.com/f/numtide/flake-utils/0.1.102"
      }
    }
  },
  "root": "root",
  "version": 7
}
